
Microsoft Visual Studio Solution File, Format Version 12.00
# Visual Studio Version 16
VisualStudioVersion = 16.0.31515.178
MinimumVisualStudioVersion = 10.0.40219.1
Project("{FAE04EC0-301F-11D3-BF4B-00C04F79EFBC}") = "Programm1", "Programm1\Programm1.csproj", "{8753B7C2-67B6-406D-8DD5-8621B44EDFDD}"
EndProject
Global
	GlobalSection(SolutionConfigurationPlatforms) = preSolution
		Debug|Any CPU = Debug|Any CPU
		Release|Any CPU = Release|Any CPU
	EndGlobalSection
	GlobalSection(ProjectConfigurationPlatforms) = postSolution
		{8753B7C2-67B6-406D-8DD5-8621B44EDFDD}.Debug|Any CPU.ActiveCfg = Debug|Any CPU
		{8753B7C2-67B6-406D-8DD5-8621B44EDFDD}.Debug|Any CPU.Build.0 = Debug|Any CPU
		{8753B7C2-67B6-406D-8DD5-8621B44EDFDD}.Release|Any CPU.ActiveCfg = Release|Any CPU
		{8753B7C2-67B6-406D-8DD5-8621B44EDFDD}.Release|Any CPU.Build.0 = Release|Any CPU
	EndGlobalSection
	GlobalSection(SolutionProperties) = preSolution
		HideSolutionNode = FALSE
	EndGlobalSection
	GlobalSection(ExtensibilityGlobals) = postSolution
		SolutionGuid = {B801174D-1213-4D5D-8A50-1C0044840249}
	EndGlobalSection
EndGlobal
